
Microsoft Visual Studio Solution File, Format Version 12.00
# Visual Studio Version 16
VisualStudioVersion = 16.0.30320.27
MinimumVisualStudioVersion = 10.0.40219.1
Project("{FAE04EC0-301F-11D3-BF4B-00C04F79EFBC}") = "PiSdrServer", "PiSdrServer\PiSdrServer.csproj", "{CA126CD3-294F-48D9-91D5-3B3438FB6F0C}"
EndProject
Global
	GlobalSection(SolutionConfigurationPlatforms) = preSolution
		Debug|Any CPU = Debug|Any CPU
		Release|Any CPU = Release|Any CPU
	EndGlobalSection
	GlobalSection(ProjectConfigurationPlatforms) = postSolution
		{CA126CD3-294F-48D9-91D5-3B3438FB6F0C}.Debug|Any CPU.ActiveCfg = Debug|Any CPU
		{CA126CD3-294F-48D9-91D5-3B3438FB6F0C}.Debug|Any CPU.Build.0 = Debug|Any CPU
		{CA126CD3-294F-48D9-91D5-3B3438FB6F0C}.Release|Any CPU.ActiveCfg = Release|Any CPU
		{CA126CD3-294F-48D9-91D5-3B3438FB6F0C}.Release|Any CPU.Build.0 = Release|Any CPU
	EndGlobalSection
	GlobalSection(SolutionProperties) = preSolution
		HideSolutionNode = FALSE
	EndGlobalSection
	GlobalSection(ExtensibilityGlobals) = postSolution
		SolutionGuid = {45538130-67B4-44C7-AC75-21CC9B339490}
	EndGlobalSection
EndGlobal
